
Microsoft Visual Studio Solution File, Format Version 12.00
# Visual Studio Version 17
VisualStudioVersion = 17.11.35208.52
MinimumVisualStudioVersion = 10.0.40219.1
Project("{FAE04EC0-301F-11D3-BF4B-00C04F79EFBC}") = "Minesweeper", "Minesweeper\Minesweeper.csproj", "{5FDF4187-BA20-4260-ACA9-3197B2A6A776}"
EndProject
Global
	GlobalSection(SolutionConfigurationPlatforms) = preSolution
		Debug|Any CPU = Debug|Any CPU
		Release|Any CPU = Release|Any CPU
	EndGlobalSection
	GlobalSection(ProjectConfigurationPlatforms) = postSolution
		{5FDF4187-BA20-4260-ACA9-3197B2A6A776}.Debug|Any CPU.ActiveCfg = Debug|Any CPU
		{5FDF4187-BA20-4260-ACA9-3197B2A6A776}.Debug|Any CPU.Build.0 = Debug|Any CPU
		{5FDF4187-BA20-4260-ACA9-3197B2A6A776}.Release|Any CPU.ActiveCfg = Release|Any CPU
		{5FDF4187-BA20-4260-ACA9-3197B2A6A776}.Release|Any CPU.Build.0 = Release|Any CPU
	EndGlobalSection
	GlobalSection(SolutionProperties) = preSolution
		HideSolutionNode = FALSE
	EndGlobalSection
	GlobalSection(ExtensibilityGlobals) = postSolution
		SolutionGuid = {541FE68E-E36A-4817-A2D0-B62B3756E636}
	EndGlobalSection
EndGlobal
